<?xml version="1.0" encoding="utf-8"?>
<Project ToolsVersion="4.0" xmlns="http://schemas.microsoft.com/developer/msbuild/2003">
  <ItemGroup>
    <Filter Include="00.MainGame">
      <UniqueIdentifier>{3cc251f6-a5c4-4512-90b6-f34b48f816bc}</UniqueIdentifier>
    </Filter>
    <Filter Include="98.Header">
      <UniqueIdentifier>{848969ef-9aa1-438f-8f24-b6dc0ed9fee7}</UniqueIdentifier>
    </Filter>
    <Filter Include="99.Default">
      <UniqueIdentifier>{8ac5eec7-1553-4599-869f-df9fd55b87a4}</UniqueIdentifier>
    </Filter>
    <Filter Include="01.GameObject">
      <UniqueIdentifier>{18af3197-fcf4-4a47-a91e-4f9884f55e0c}</UniqueIdentifier>
    </Filter>
    <Filter Include="97.Manager">
      <UniqueIdentifier>{cf48db70-66eb-4ac9-8a4e-b608a8b1d837}</UniqueIdentifier>
    </Filter>
    <Filter Include="01.GameObject\Player">
      <UniqueIdentifier>{61dbd758-9fd1-4a08-925c-23cff41800b0}</UniqueIdentifier>
    </Filter>
    <Filter Include="01.GameObject\Bullet">
      <UniqueIdentifier>{18c32d89-0c79-46e8-b4a4-69a16b01bec7}</UniqueIdentifier>
    </Filter>
    <Filter Include="01.GameObject\Shield">
      <UniqueIdentifier>{293130be-c6fe-4269-83fd-f788ece9f585}</UniqueIdentifier>
    </Filter>
  </ItemGroup>
  <ItemGroup>
    <ClInclude Include="191223_숙제.h">
      <Filter>99.Default</Filter>
    </ClInclude>
    <ClInclude Include="framework.h">
      <Filter>99.Default</Filter>
    </ClInclude>
    <ClInclude Include="Resource.h">
      <Filter>99.Default</Filter>
    </ClInclude>
    <ClInclude Include="targetver.h">
      <Filter>99.Default</Filter>
    </ClInclude>
    <ClInclude Include="pch.h" />
    <ClInclude Include="Define.h">
      <Filter>98.Header</Filter>
    </ClInclude>
    <ClInclude Include="Extern.h">
      <Filter>98.Header</Filter>
    </ClInclude>
    <ClInclude Include="MainGame.h">
      <Filter>00.MainGame</Filter>
    </ClInclude>
    <ClInclude Include="GameObject.h">
      <Filter>01.GameObject</Filter>
    </ClInclude>
    <ClInclude Include="Player.h">
      <Filter>01.GameObject\Player</Filter>
    </ClInclude>
    <ClInclude Include="Enum.h">
      <Filter>98.Header</Filter>
    </ClInclude>
    <ClInclude Include="Struct.h">
      <Filter>98.Header</Filter>
    </ClInclude>
    <ClInclude Include="Typedef.h">
      <Filter>98.Header</Filter>
    </ClInclude>
    <ClInclude Include="FactoryPattern.h">
      <Filter>97.Manager</Filter>
    </ClInclude>
    <ClInclude Include="Bullet.h">
      <Filter>01.GameObject\Bullet</Filter>
    </ClInclude>
    <ClInclude Include="Shield.h">
      <Filter>01.GameObject\Shield</Filter>
    </ClInclude>
  </ItemGroup>
  <ItemGroup>
    <ClCompile Include="MainGame.cpp">
      <Filter>00.MainGame</Filter>
    </ClCompile>
    <ClCompile Include="GameObject.cpp">
      <Filter>01.GameObject</Filter>
    </ClCompile>
    <ClCompile Include="Player.cpp">
      <Filter>01.GameObject\Player</Filter>
    </ClCompile>
    <ClCompile Include="191223_숙제.cpp">
      <Filter>99.Default</Filter>
    </ClCompile>
    <ClCompile Include="pch.cpp">
      <Filter>99.Default</Filter>
    </ClCompile>
    <ClCompile Include="Bullet.cpp">
      <Filter>01.GameObject\Bullet</Filter>
    </ClCompile>
    <ClCompile Include="Shield.cpp">
      <Filter>01.GameObject\Shield</Filter>
    </ClCompile>
  </ItemGroup>
  <ItemGroup>
    <Image Include="191223_숙제.ico">
      <Filter>99.Default</Filter>
    </Image>
    <Image Include="small.ico">
      <Filter>99.Default</Filter>
    </Image>
  </ItemGroup>
  <ItemGroup>
    <ResourceCompile Include="191223_숙제.rc">
      <Filter>99.Default</Filter>
    </ResourceCompile>
  </ItemGroup>
</Project>